// !$*UTF8*$!
{
	archiveVersion = 1;
	classes = {
	};
	objectVersion = 56;
	objects = {

/* Begin PBXBuildFile section */
		1AE3CA252C3A26D600C30A89 /* noteAnalyzerApp.swift in Sources */ = {isa = PBXBuildFile; fileRef = 1AE3CA242C3A26D600C30A89 /* noteAnalyzerApp.swift */; };
		1AE3CA272C3A26D600C30A89 /* MainView.swift in Sources */ = {isa = PBXBuildFile; fileRef = 1AE3CA262C3A26D600C30A89 /* MainView.swift */; };
		1AE3CA292C3A26D700C30A89 /* Assets.xcassets in Resources */ = {isa = PBXBuildFile; fileRef = 1AE3CA282C3A26D700C30A89 /* Assets.xcassets */; };
		1AE3CA2C2C3A26D700C30A89 /* Preview Assets.xcassets in Resources */ = {isa = PBXBuildFile; fileRef = 1AE3CA2B2C3A26D700C30A89 /* Preview Assets.xcassets */; };
		1AE3CA362C3A2D4700C30A89 /* RealmSwift in Frameworks */ = {isa = PBXBuildFile; productRef = 1AE3CA352C3A2D4700C30A89 /* RealmSwift */; };
		1AE3CA392C3A2E6400C30A89 /* RealmSwift in Embed Frameworks */ = {isa = PBXBuildFile; productRef = 1AE3CA352C3A2D4700C30A89 /* RealmSwift */; settings = {ATTRIBUTES = (CodeSignOnCopy, ); }; };
		1AE3CA3F2C3A35BC00C30A89 /* Item.swift in Sources */ = {isa = PBXBuildFile; fileRef = 1AE3CA3E2C3A35BC00C30A89 /* Item.swift */; };
		1AE3CA432C3A692600C30A89 /* WebView.swift in Sources */ = {isa = PBXBuildFile; fileRef = 1AE3CA422C3A692600C30A89 /* WebView.swift */; };
		1AE3CA452C3B63CA00C30A89 /* NetworkManager.swift in Sources */ = {isa = PBXBuildFile; fileRef = 1AE3CA442C3B63CA00C30A89 /* NetworkManager.swift */; };
		1AE3CA472C3B649500C30A89 /* ContentsData.swift in Sources */ = {isa = PBXBuildFile; fileRef = 1AE3CA462C3B649500C30A89 /* ContentsData.swift */; };
		1AE3CA492C43945800C30A89 /* AuthSessionView.swift in Sources */ = {isa = PBXBuildFile; fileRef = 1AE3CA482C43945800C30A89 /* AuthSessionView.swift */; };
		1AE3CA4B2C43991000C30A89 /* LoginView.swift in Sources */ = {isa = PBXBuildFile; fileRef = 1AE3CA4A2C43991000C30A89 /* LoginView.swift */; };
/* End PBXBuildFile section */

/* Begin PBXCopyFilesBuildPhase section */
		1AE3CA3A2C3A2E6400C30A89 /* Embed Frameworks */ = {
			isa = PBXCopyFilesBuildPhase;
			buildActionMask = 2147483647;
			dstPath = "";
			dstSubfolderSpec = 10;
			files = (
				1AE3CA392C3A2E6400C30A89 /* RealmSwift in Embed Frameworks */,
			);
			name = "Embed Frameworks";
			runOnlyForDeploymentPostprocessing = 0;
		};
/* End PBXCopyFilesBuildPhase section */

/* Begin PBXFileReference section */
		1AE3CA212C3A26D600C30A89 /* noteAnalyzer.app */ = {isa = PBXFileReference; explicitFileType = wrapper.application; includeInIndex = 0; path = noteAnalyzer.app; sourceTree = BUILT_PRODUCTS_DIR; };
		1AE3CA242C3A26D600C30A89 /* noteAnalyzerApp.swift */ = {isa = PBXFileReference; lastKnownFileType = sourcecode.swift; path = noteAnalyzerApp.swift; sourceTree = "<group>"; };
		1AE3CA262C3A26D600C30A89 /* MainView.swift */ = {isa = PBXFileReference; lastKnownFileType = sourcecode.swift; path = MainView.swift; sourceTree = "<group>"; };
		1AE3CA282C3A26D700C30A89 /* Assets.xcassets */ = {isa = PBXFileReference; lastKnownFileType = folder.assetcatalog; path = Assets.xcassets; sourceTree = "<group>"; };
		1AE3CA2B2C3A26D700C30A89 /* Preview Assets.xcassets */ = {isa = PBXFileReference; lastKnownFileType = folder.assetcatalog; path = "Preview Assets.xcassets"; sourceTree = "<group>"; };
		1AE3CA3E2C3A35BC00C30A89 /* Item.swift */ = {isa = PBXFileReference; lastKnownFileType = sourcecode.swift; path = Item.swift; sourceTree = "<group>"; };
		1AE3CA422C3A692600C30A89 /* WebView.swift */ = {isa = PBXFileReference; lastKnownFileType = sourcecode.swift; path = WebView.swift; sourceTree = "<group>"; };
		1AE3CA442C3B63CA00C30A89 /* NetworkManager.swift */ = {isa = PBXFileReference; lastKnownFileType = sourcecode.swift; path = NetworkManager.swift; sourceTree = "<group>"; };
		1AE3CA462C3B649500C30A89 /* ContentsData.swift */ = {isa = PBXFileReference; lastKnownFileType = sourcecode.swift; path = ContentsData.swift; sourceTree = "<group>"; };
		1AE3CA482C43945800C30A89 /* AuthSessionView.swift */ = {isa = PBXFileReference; lastKnownFileType = sourcecode.swift; path = AuthSessionView.swift; sourceTree = "<group>"; };
		1AE3CA4A2C43991000C30A89 /* LoginView.swift */ = {isa = PBXFileReference; lastKnownFileType = sourcecode.swift; path = LoginView.swift; sourceTree = "<group>"; };
/* End PBXFileReference section */

/* Begin PBXFrameworksBuildPhase section */
		1AE3CA1E2C3A26D600C30A89 /* Frameworks */ = {
			isa = PBXFrameworksBuildPhase;
			buildActionMask = 2147483647;
			files = (
				1AE3CA362C3A2D4700C30A89 /* RealmSwift in Frameworks */,
			);
			runOnlyForDeploymentPostprocessing = 0;
		};
/* End PBXFrameworksBuildPhase section */

/* Begin PBXGroup section */
		1AE3CA182C3A26D600C30A89 = {
			isa = PBXGroup;
			children = (
				1AE3CA232C3A26D600C30A89 /* noteAnalyzer */,
				1AE3CA222C3A26D600C30A89 /* Products */,
			);
			sourceTree = "<group>";
		};
		1AE3CA222C3A26D600C30A89 /* Products */ = {
			isa = PBXGroup;
			children = (
				1AE3CA212C3A26D600C30A89 /* noteAnalyzer.app */,
			);
			name = Products;
			sourceTree = "<group>";
		};
		1AE3CA232C3A26D600C30A89 /* noteAnalyzer */ = {
			isa = PBXGroup;
			children = (
				1AE3CA242C3A26D600C30A89 /* noteAnalyzerApp.swift */,
				1AE3CA3B2C3A352600C30A89 /* Data Model */,
				1AE3CA382C3A2D5B00C30A89 /* Models */,
				1AE3CA372C3A2D5000C30A89 /* Views */,
				1AE3CA282C3A26D700C30A89 /* Assets.xcassets */,
				1AE3CA2A2C3A26D700C30A89 /* Preview Content */,
			);
			path = noteAnalyzer;
			sourceTree = "<group>";
		};
		1AE3CA2A2C3A26D700C30A89 /* Preview Content */ = {
			isa = PBXGroup;
			children = (
				1AE3CA2B2C3A26D700C30A89 /* Preview Assets.xcassets */,
			);
			path = "Preview Content";
			sourceTree = "<group>";
		};
		1AE3CA372C3A2D5000C30A89 /* Views */ = {
			isa = PBXGroup;
			children = (
				1AE3CA262C3A26D600C30A89 /* MainView.swift */,
				1AE3CA4A2C43991000C30A89 /* LoginView.swift */,
			);
			path = Views;
			sourceTree = "<group>";
		};
		1AE3CA382C3A2D5B00C30A89 /* Models */ = {
			isa = PBXGroup;
			children = (
				1AE3CA482C43945800C30A89 /* AuthSessionView.swift */,
				1AE3CA422C3A692600C30A89 /* WebView.swift */,
				1AE3CA442C3B63CA00C30A89 /* NetworkManager.swift */,
				1AE3CA462C3B649500C30A89 /* ContentsData.swift */,
			);
			path = Models;
			sourceTree = "<group>";
		};
		1AE3CA3B2C3A352600C30A89 /* Data Model */ = {
			isa = PBXGroup;
			children = (
				1AE3CA3E2C3A35BC00C30A89 /* Item.swift */,
			);
			path = "Data Model";
			sourceTree = "<group>";
		};
/* End PBXGroup section */

/* Begin PBXNativeTarget section */
		1AE3CA202C3A26D600C30A89 /* noteAnalyzer */ = {
			isa = PBXNativeTarget;
			buildConfigurationList = 1AE3CA2F2C3A26D700C30A89 /* Build configuration list for PBXNativeTarget "noteAnalyzer" */;
			buildPhases = (
				1AE3CA1D2C3A26D600C30A89 /* Sources */,
				1AE3CA1E2C3A26D600C30A89 /* Frameworks */,
				1AE3CA1F2C3A26D600C30A89 /* Resources */,
				1AE3CA3A2C3A2E6400C30A89 /* Embed Frameworks */,
			);
			buildRules = (
			);
			dependencies = (
			);
			name = noteAnalyzer;
			packageProductDependencies = (
				1AE3CA352C3A2D4700C30A89 /* RealmSwift */,
			);
			productName = noteAnalyzer;
			productReference = 1AE3CA212C3A26D600C30A89 /* noteAnalyzer.app */;
			productType = "com.apple.product-type.application";
		};
/* End PBXNativeTarget section */

/* Begin PBXProject section */
		1AE3CA192C3A26D600C30A89 /* Project object */ = {
			isa = PBXProject;
			attributes = {
				BuildIndependentTargetsInParallel = 1;
				LastSwiftUpdateCheck = 1540;
				LastUpgradeCheck = 1540;
				TargetAttributes = {
					1AE3CA202C3A26D600C30A89 = {
						CreatedOnToolsVersion = 15.4;
					};
				};
			};
			buildConfigurationList = 1AE3CA1C2C3A26D600C30A89 /* Build configuration list for PBXProject "noteAnalyzer" */;
			compatibilityVersion = "Xcode 14.0";
			developmentRegion = en;
			hasScannedForEncodings = 0;
			knownRegions = (
				en,
				Base,
			);
			mainGroup = 1AE3CA182C3A26D600C30A89;
			packageReferences = (
				1AE3CA322C3A2D4700C30A89 /* XCRemoteSwiftPackageReference "realm-swift" */,
				1AE3CA4C2C43A86400C30A89 /* XCRemoteSwiftPackageReference "Alamofire" */,
			);
			productRefGroup = 1AE3CA222C3A26D600C30A89 /* Products */;
			projectDirPath = "";
			projectRoot = "";
			targets = (
				1AE3CA202C3A26D600C30A89 /* noteAnalyzer */,
			);
		};
/* End PBXProject section */

/* Begin PBXResourcesBuildPhase section */
		1AE3CA1F2C3A26D600C30A89 /* Resources */ = {
			isa = PBXResourcesBuildPhase;
			buildActionMask = 2147483647;
			files = (
				1AE3CA2C2C3A26D700C30A89 /* Preview Assets.xcassets in Resources */,
				1AE3CA292C3A26D700C30A89 /* Assets.xcassets in Resources */,
			);
			runOnlyForDeploymentPostprocessing = 0;
		};
/* End PBXResourcesBuildPhase section */

/* Begin PBXSourcesBuildPhase section */
		1AE3CA1D2C3A26D600C30A89 /* Sources */ = {
			isa = PBXSourcesBuildPhase;
			buildActionMask = 2147483647;
			files = (
				1AE3CA272C3A26D600C30A89 /* MainView.swift in Sources */,
				1AE3CA432C3A692600C30A89 /* WebView.swift in Sources */,
				1AE3CA492C43945800C30A89 /* AuthSessionView.swift in Sources */,
				1AE3CA452C3B63CA00C30A89 /* NetworkManager.swift in Sources */,
				1AE3CA3F2C3A35BC00C30A89 /* Item.swift in Sources */,
				1AE3CA252C3A26D600C30A89 /* noteAnalyzerApp.swift in Sources */,
				1AE3CA4B2C43991000C30A89 /* LoginView.swift in Sources */,
				1AE3CA472C3B649500C30A89 /* ContentsData.swift in Sources */,
			);
			runOnlyForDeploymentPostprocessing = 0;
		};
/* End PBXSourcesBuildPhase section */

/* Begin XCBuildConfiguration section */
		1AE3CA2D2C3A26D700C30A89 /* Debug */ = {
			isa = XCBuildConfiguration;
			buildSettings = {
				ALWAYS_SEARCH_USER_PATHS = NO;
				ASSETCATALOG_COMPILER_GENERATE_SWIFT_ASSET_SYMBOL_EXTENSIONS = YES;
				CLANG_ANALYZER_NONNULL = YES;
				CLANG_ANALYZER_NUMBER_OBJECT_CONVERSION = YES_AGGRESSIVE;
				CLANG_CXX_LANGUAGE_STANDARD = "gnu++20";
				CLANG_ENABLE_MODULES = YES;
				CLANG_ENABLE_OBJC_ARC = YES;
				CLANG_ENABLE_OBJC_WEAK = YES;
				CLANG_WARN_BLOCK_CAPTURE_AUTORELEASING = YES;
				CLANG_WARN_BOOL_CONVERSION = YES;
				CLANG_WARN_COMMA = YES;
				CLANG_WARN_CONSTANT_CONVERSION = YES;
				CLANG_WARN_DEPRECATED_OBJC_IMPLEMENTATIONS = YES;
				CLANG_WARN_DIRECT_OBJC_ISA_USAGE = YES_ERROR;
				CLANG_WARN_DOCUMENTATION_COMMENTS = YES;
				CLANG_WARN_EMPTY_BODY = YES;
				CLANG_WARN_ENUM_CONVERSION = YES;
				CLANG_WARN_INFINITE_RECURSION = YES;
				CLANG_WARN_INT_CONVERSION = YES;
				CLANG_WARN_NON_LITERAL_NULL_CONVERSION = YES;
				CLANG_WARN_OBJC_IMPLICIT_RETAIN_SELF = YES;
				CLANG_WARN_OBJC_LITERAL_CONVERSION = YES;
				CLANG_WARN_OBJC_ROOT_CLASS = YES_ERROR;
				CLANG_WARN_QUOTED_INCLUDE_IN_FRAMEWORK_HEADER = YES;
				CLANG_WARN_RANGE_LOOP_ANALYSIS = YES;
				CLANG_WARN_STRICT_PROTOTYPES = YES;
				CLANG_WARN_SUSPICIOUS_MOVE = YES;
				CLANG_WARN_UNGUARDED_AVAILABILITY = YES_AGGRESSIVE;
				CLANG_WARN_UNREACHABLE_CODE = YES;
				CLANG_WARN__DUPLICATE_METHOD_MATCH = YES;
				COPY_PHASE_STRIP = NO;
				DEBUG_INFORMATION_FORMAT = dwarf;
				ENABLE_STRICT_OBJC_MSGSEND = YES;
				ENABLE_TESTABILITY = YES;
				ENABLE_USER_SCRIPT_SANDBOXING = YES;
				GCC_C_LANGUAGE_STANDARD = gnu17;
				GCC_DYNAMIC_NO_PIC = NO;
				GCC_NO_COMMON_BLOCKS = YES;
				GCC_OPTIMIZATION_LEVEL = 0;
				GCC_PREPROCESSOR_DEFINITIONS = (
					"DEBUG=1",
					"$(inherited)",
				);
				GCC_WARN_64_TO_32_BIT_CONVERSION = YES;
				GCC_WARN_ABOUT_RETURN_TYPE = YES_ERROR;
				GCC_WARN_UNDECLARED_SELECTOR = YES;
				GCC_WARN_UNINITIALIZED_AUTOS = YES_AGGRESSIVE;
				GCC_WARN_UNUSED_FUNCTION = YES;
				GCC_WARN_UNUSED_VARIABLE = YES;
				IPHONEOS_DEPLOYMENT_TARGET = 17.5;
				LOCALIZATION_PREFERS_STRING_CATALOGS = YES;
				MTL_ENABLE_DEBUG_INFO = INCLUDE_SOURCE;
				MTL_FAST_MATH = YES;
				ONLY_ACTIVE_ARCH = YES;
				SDKROOT = iphoneos;
				SWIFT_ACTIVE_COMPILATION_CONDITIONS = "DEBUG $(inherited)";
				SWIFT_OPTIMIZATION_LEVEL = "-Onone";
			};
			name = Debug;
		};
		1AE3CA2E2C3A26D700C30A89 /* Release */ = {
			isa = XCBuildConfiguration;
			buildSettings = {
				ALWAYS_SEARCH_USER_PATHS = NO;
				ASSETCATALOG_COMPILER_GENERATE_SWIFT_ASSET_SYMBOL_EXTENSIONS = YES;
				CLANG_ANALYZER_NONNULL = YES;
				CLANG_ANALYZER_NUMBER_OBJECT_CONVERSION = YES_AGGRESSIVE;
				CLANG_CXX_LANGUAGE_STANDARD = "gnu++20";
				CLANG_ENABLE_MODULES = YES;
				CLANG_ENABLE_OBJC_ARC = YES;
				CLANG_ENABLE_OBJC_WEAK = YES;
				CLANG_WARN_BLOCK_CAPTURE_AUTORELEASING = YES;
				CLANG_WARN_BOOL_CONVERSION = YES;
				CLANG_WARN_COMMA = YES;
				CLANG_WARN_CONSTANT_CONVERSION = YES;
				CLANG_WARN_DEPRECATED_OBJC_IMPLEMENTATIONS = YES;
				CLANG_WARN_DIRECT_OBJC_ISA_USAGE = YES_ERROR;
				CLANG_WARN_DOCUMENTATION_COMMENTS = YES;
				CLANG_WARN_EMPTY_BODY = YES;
				CLANG_WARN_ENUM_CONVERSION = YES;
				CLANG_WARN_INFINITE_RECURSION = YES;
				CLANG_WARN_INT_CONVERSION = YES;
				CLANG_WARN_NON_LITERAL_NULL_CONVERSION = YES;
				CLANG_WARN_OBJC_IMPLICIT_RETAIN_SELF = YES;
				CLANG_WARN_OBJC_LITERAL_CONVERSION = YES;
				CLANG_WARN_OBJC_ROOT_CLASS = YES_ERROR;
				CLANG_WARN_QUOTED_INCLUDE_IN_FRAMEWORK_HEADER = YES;
				CLANG_WARN_RANGE_LOOP_ANALYSIS = YES;
				CLANG_WARN_STRICT_PROTOTYPES = YES;
				CLANG_WARN_SUSPICIOUS_MOVE = YES;
				CLANG_WARN_UNGUARDED_AVAILABILITY = YES_AGGRESSIVE;
				CLANG_WARN_UNREACHABLE_CODE = YES;
				CLANG_WARN__DUPLICATE_METHOD_MATCH = YES;
				COPY_PHASE_STRIP = NO;
				DEBUG_INFORMATION_FORMAT = "dwarf-with-dsym";
				ENABLE_NS_ASSERTIONS = NO;
				ENABLE_STRICT_OBJC_MSGSEND = YES;
				ENABLE_USER_SCRIPT_SANDBOXING = YES;
				GCC_C_LANGUAGE_STANDARD = gnu17;
				GCC_NO_COMMON_BLOCKS = YES;
				GCC_WARN_64_TO_32_BIT_CONVERSION = YES;
				GCC_WARN_ABOUT_RETURN_TYPE = YES_ERROR;
				GCC_WARN_UNDECLARED_SELECTOR = YES;
				GCC_WARN_UNINITIALIZED_AUTOS = YES_AGGRESSIVE;
				GCC_WARN_UNUSED_FUNCTION = YES;
				GCC_WARN_UNUSED_VARIABLE = YES;
				IPHONEOS_DEPLOYMENT_TARGET = 17.5;
				LOCALIZATION_PREFERS_STRING_CATALOGS = YES;
				MTL_ENABLE_DEBUG_INFO = NO;
				MTL_FAST_MATH = YES;
				SDKROOT = iphoneos;
				SWIFT_COMPILATION_MODE = wholemodule;
				VALIDATE_PRODUCT = YES;
			};
			name = Release;
		};
		1AE3CA302C3A26D700C30A89 /* Debug */ = {
			isa = XCBuildConfiguration;
			buildSettings = {
				ASSETCATALOG_COMPILER_APPICON_NAME = AppIcon;
				ASSETCATALOG_COMPILER_GLOBAL_ACCENT_COLOR_NAME = AccentColor;
				CODE_SIGN_STYLE = Automatic;
				CURRENT_PROJECT_VERSION = 1;
				DEVELOPMENT_ASSET_PATHS = "\"noteAnalyzer/Preview Content\"";
				DEVELOPMENT_TEAM = 6DTV8GZ73J;
				ENABLE_PREVIEWS = YES;
				GENERATE_INFOPLIST_FILE = YES;
				INFOPLIST_KEY_UIApplicationSceneManifest_Generation = YES;
				INFOPLIST_KEY_UIApplicationSupportsIndirectInputEvents = YES;
				INFOPLIST_KEY_UILaunchScreen_Generation = YES;
				INFOPLIST_KEY_UISupportedInterfaceOrientations_iPad = "UIInterfaceOrientationPortrait UIInterfaceOrientationPortraitUpsideDown UIInterfaceOrientationLandscapeLeft UIInterfaceOrientationLandscapeRight";
				INFOPLIST_KEY_UISupportedInterfaceOrientations_iPhone = "UIInterfaceOrientationPortrait UIInterfaceOrientationLandscapeLeft UIInterfaceOrientationLandscapeRight";
				IPHONEOS_DEPLOYMENT_TARGET = 16.0;
				LD_RUNPATH_SEARCH_PATHS = (
					"$(inherited)",
					"@executable_path/Frameworks",
				);
				MARKETING_VERSION = 1.0;
				PRODUCT_BUNDLE_IDENTIFIER = com.natsugure.noteAnalyzer;
				PRODUCT_NAME = "$(TARGET_NAME)";
				SWIFT_EMIT_LOC_STRINGS = YES;
				SWIFT_VERSION = 5.0;
				TARGETED_DEVICE_FAMILY = "1,2";
			};
			name = Debug;
		};
		1AE3CA312C3A26D700C30A89 /* Release */ = {
			isa = XCBuildConfiguration;
			buildSettings = {
				ASSETCATALOG_COMPILER_APPICON_NAME = AppIcon;
				ASSETCATALOG_COMPILER_GLOBAL_ACCENT_COLOR_NAME = AccentColor;
				CODE_SIGN_STYLE = Automatic;
				CURRENT_PROJECT_VERSION = 1;
				DEVELOPMENT_ASSET_PATHS = "\"noteAnalyzer/Preview Content\"";
				DEVELOPMENT_TEAM = 6DTV8GZ73J;
				ENABLE_PREVIEWS = YES;
				GENERATE_INFOPLIST_FILE = YES;
				INFOPLIST_KEY_UIApplicationSceneManifest_Generation = YES;
				INFOPLIST_KEY_UIApplicationSupportsIndirectInputEvents = YES;
				INFOPLIST_KEY_UILaunchScreen_Generation = YES;
				INFOPLIST_KEY_UISupportedInterfaceOrientations_iPad = "UIInterfaceOrientationPortrait UIInterfaceOrientationPortraitUpsideDown UIInterfaceOrientationLandscapeLeft UIInterfaceOrientationLandscapeRight";
				INFOPLIST_KEY_UISupportedInterfaceOrientations_iPhone = "UIInterfaceOrientationPortrait UIInterfaceOrientationLandscapeLeft UIInterfaceOrientationLandscapeRight";
				IPHONEOS_DEPLOYMENT_TARGET = 16.0;
				LD_RUNPATH_SEARCH_PATHS = (
					"$(inherited)",
					"@executable_path/Frameworks",
				);
				MARKETING_VERSION = 1.0;
				PRODUCT_BUNDLE_IDENTIFIER = com.natsugure.noteAnalyzer;
				PRODUCT_NAME = "$(TARGET_NAME)";
				SWIFT_EMIT_LOC_STRINGS = YES;
				SWIFT_VERSION = 5.0;
				TARGETED_DEVICE_FAMILY = "1,2";
			};
			name = Release;
		};
/* End XCBuildConfiguration section */

/* Begin XCConfigurationList section */
		1AE3CA1C2C3A26D600C30A89 /* Build configuration list for PBXProject "noteAnalyzer" */ = {
			isa = XCConfigurationList;
			buildConfigurations = (
				1AE3CA2D2C3A26D700C30A89 /* Debug */,
				1AE3CA2E2C3A26D700C30A89 /* Release */,
			);
			defaultConfigurationIsVisible = 0;
			defaultConfigurationName = Release;
		};
		1AE3CA2F2C3A26D700C30A89 /* Build configuration list for PBXNativeTarget "noteAnalyzer" */ = {
			isa = XCConfigurationList;
			buildConfigurations = (
				1AE3CA302C3A26D700C30A89 /* Debug */,
				1AE3CA312C3A26D700C30A89 /* Release */,
			);
			defaultConfigurationIsVisible = 0;
			defaultConfigurationName = Release;
		};
/* End XCConfigurationList section */

/* Begin XCRemoteSwiftPackageReference section */
		1AE3CA322C3A2D4700C30A89 /* XCRemoteSwiftPackageReference "realm-swift" */ = {
			isa = XCRemoteSwiftPackageReference;
			repositoryURL = "https://github.com/realm/realm-swift.git";
			requirement = {
				branch = master;
				kind = branch;
			};
		};
		1AE3CA4C2C43A86400C30A89 /* XCRemoteSwiftPackageReference "Alamofire" */ = {
			isa = XCRemoteSwiftPackageReference;
			repositoryURL = "https://github.com/Alamofire/Alamofire.git";
			requirement = {
				kind = upToNextMajorVersion;
				minimumVersion = 5.9.1;
			};
		};
/* End XCRemoteSwiftPackageReference section */

/* Begin XCSwiftPackageProductDependency section */
		1AE3CA352C3A2D4700C30A89 /* RealmSwift */ = {
			isa = XCSwiftPackageProductDependency;
			package = 1AE3CA322C3A2D4700C30A89 /* XCRemoteSwiftPackageReference "realm-swift" */;
			productName = RealmSwift;
		};
/* End XCSwiftPackageProductDependency section */
	};
	rootObject = 1AE3CA192C3A26D600C30A89 /* Project object */;
}
